// !$*UTF8*$!
{
	archiveVersion = 1;
	classes = {
	};
	objectVersion = 46;
	objects = {

/* Begin PBXBuildFile section */
		B036BAE71E66C915005FD330 /* main.m in Sources */ = {isa = PBXBuildFile; fileRef = B036BAE61E66C915005FD330 /* main.m */; };
		B036BAEA1E66C915005FD330 /* AppDelegate.m in Sources */ = {isa = PBXBuildFile; fileRef = B036BAE91E66C915005FD330 /* AppDelegate.m */; };
		B036BAED1E66C915005FD330 /* ViewController.m in Sources */ = {isa = PBXBuildFile; fileRef = B036BAEC1E66C915005FD330 /* ViewController.m */; };
		B036BAF01E66C915005FD330 /* Main.storyboard in Resources */ = {isa = PBXBuildFile; fileRef = B036BAEE1E66C915005FD330 /* Main.storyboard */; };
		B036BAF21E66C915005FD330 /* Assets.xcassets in Resources */ = {isa = PBXBuildFile; fileRef = B036BAF11E66C915005FD330 /* Assets.xcassets */; };
		B036BAF51E66C915005FD330 /* LaunchScreen.storyboard in Resources */ = {isa = PBXBuildFile; fileRef = B036BAF31E66C915005FD330 /* LaunchScreen.storyboard */; };
		B036BB001E66C915005FD330 /* SXRSDKDemoKKasongTests.m in Sources */ = {isa = PBXBuildFile; fileRef = B036BAFF1E66C915005FD330 /* SXRSDKDemoKKasongTests.m */; };
		B036BB0B1E66C915005FD330 /* SXRSDKDemoKKasongUITests.m in Sources */ = {isa = PBXBuildFile; fileRef = B036BB0A1E66C915005FD330 /* SXRSDKDemoKKasongUITests.m */; };
		B036BB191E66C934005FD330 /* SXRSDK.framework in Frameworks */ = {isa = PBXBuildFile; fileRef = B036BB181E66C934005FD330 /* SXRSDK.framework */; };
		B036BB1C1E66CA60005FD330 /* SXRService.m in Sources */ = {isa = PBXBuildFile; fileRef = B036BB1B1E66CA60005FD330 /* SXRService.m */; };
		B036BB2F1E66CAE2005FD330 /* MainTableViewController.m in Sources */ = {isa = PBXBuildFile; fileRef = B036BB201E66CAE2005FD330 /* MainTableViewController.m */; };
		B036BB301E66CAE2005FD330 /* ScanDeviceViewController.m in Sources */ = {isa = PBXBuildFile; fileRef = B036BB221E66CAE2005FD330 /* ScanDeviceViewController.m */; };
		B036BB311E66CAE2005FD330 /* GetHistoryDataViewController.m in Sources */ = {isa = PBXBuildFile; fileRef = B036BB241E66CAE2005FD330 /* GetHistoryDataViewController.m */; };
		B036BB321E66CAE2005FD330 /* HeartRateViewController.m in Sources */ = {isa = PBXBuildFile; fileRef = B036BB261E66CAE2005FD330 /* HeartRateViewController.m */; };
		B036BB331E66CAE2005FD330 /* CurrentDataViewController.m in Sources */ = {isa = PBXBuildFile; fileRef = B036BB281E66CAE2005FD330 /* CurrentDataViewController.m */; };
		B036BB341E66CAE2005FD330 /* CurrentDeviceInfoViewController.m in Sources */ = {isa = PBXBuildFile; fileRef = B036BB2A1E66CAE2005FD330 /* CurrentDeviceInfoViewController.m */; };
		B036BB351E66CAE2005FD330 /* SetDeviceParamViewController.m in Sources */ = {isa = PBXBuildFile; fileRef = B036BB2C1E66CAE2005FD330 /* SetDeviceParamViewController.m */; };
		B036BB361E66CAE2005FD330 /* SetPersonInfoViewController.m in Sources */ = {isa = PBXBuildFile; fileRef = B036BB2E1E66CAE2005FD330 /* SetPersonInfoViewController.m */; };
		B036BB391E671E26005FD330 /* SportDataViewController.m in Sources */ = {isa = PBXBuildFile; fileRef = B036BB381E671E26005FD330 /* SportDataViewController.m */; };
/* End PBXBuildFile section */

/* Begin PBXContainerItemProxy section */
		B036BAFC1E66C915005FD330 /* PBXContainerItemProxy */ = {
			isa = PBXContainerItemProxy;
			containerPortal = B036BADA1E66C915005FD330 /* Project object */;
			proxyType = 1;
			remoteGlobalIDString = B036BAE11E66C915005FD330;
			remoteInfo = SXRSDKDemoKKasong;
		};
		B036BB071E66C915005FD330 /* PBXContainerItemProxy */ = {
			isa = PBXContainerItemProxy;
			containerPortal = B036BADA1E66C915005FD330 /* Project object */;
			proxyType = 1;
			remoteGlobalIDString = B036BAE11E66C915005FD330;
			remoteInfo = SXRSDKDemoKKasong;
		};
/* End PBXContainerItemProxy section */

/* Begin PBXFileReference section */
		B036BAE21E66C915005FD330 /* SXRSDKDemoKKasong.app */ = {isa = PBXFileReference; explicitFileType = wrapper.application; includeInIndex = 0; path = SXRSDKDemoKKasong.app; sourceTree = BUILT_PRODUCTS_DIR; };
		B036BAE61E66C915005FD330 /* main.m */ = {isa = PBXFileReference; lastKnownFileType = sourcecode.c.objc; path = main.m; sourceTree = "<group>"; };
		B036BAE81E66C915005FD330 /* AppDelegate.h */ = {isa = PBXFileReference; lastKnownFileType = sourcecode.c.h; path = AppDelegate.h; sourceTree = "<group>"; };
		B036BAE91E66C915005FD330 /* AppDelegate.m */ = {isa = PBXFileReference; lastKnownFileType = sourcecode.c.objc; path = AppDelegate.m; sourceTree = "<group>"; };
		B036BAEB1E66C915005FD330 /* ViewController.h */ = {isa = PBXFileReference; lastKnownFileType = sourcecode.c.h; path = ViewController.h; sourceTree = "<group>"; };
		B036BAEC1E66C915005FD330 /* ViewController.m */ = {isa = PBXFileReference; lastKnownFileType = sourcecode.c.objc; path = ViewController.m; sourceTree = "<group>"; };
		B036BAEF1E66C915005FD330 /* Base */ = {isa = PBXFileReference; lastKnownFileType = file.storyboard; name = Base; path = Base.lproj/Main.storyboard; sourceTree = "<group>"; };
		B036BAF11E66C915005FD330 /* Assets.xcassets */ = {isa = PBXFileReference; lastKnownFileType = folder.assetcatalog; path = Assets.xcassets; sourceTree = "<group>"; };
		B036BAF41E66C915005FD330 /* Base */ = {isa = PBXFileReference; lastKnownFileType = file.storyboard; name = Base; path = Base.lproj/LaunchScreen.storyboard; sourceTree = "<group>"; };
		B036BAF61E66C915005FD330 /* Info.plist */ = {isa = PBXFileReference; lastKnownFileType = text.plist.xml; path = Info.plist; sourceTree = "<group>"; };
		B036BAFB1E66C915005FD330 /* SXRSDKDemoKKasongTests.xctest */ = {isa = PBXFileReference; explicitFileType = wrapper.cfbundle; includeInIndex = 0; path = SXRSDKDemoKKasongTests.xctest; sourceTree = BUILT_PRODUCTS_DIR; };
		B036BAFF1E66C915005FD330 /* SXRSDKDemoKKasongTests.m */ = {isa = PBXFileReference; lastKnownFileType = sourcecode.c.objc; path = SXRSDKDemoKKasongTests.m; sourceTree = "<group>"; };
		B036BB011E66C915005FD330 /* Info.plist */ = {isa = PBXFileReference; lastKnownFileType = text.plist.xml; path = Info.plist; sourceTree = "<group>"; };
		B036BB061E66C915005FD330 /* SXRSDKDemoKKasongUITests.xctest */ = {isa = PBXFileReference; explicitFileType = wrapper.cfbundle; includeInIndex = 0; path = SXRSDKDemoKKasongUITests.xctest; sourceTree = BUILT_PRODUCTS_DIR; };
		B036BB0A1E66C915005FD330 /* SXRSDKDemoKKasongUITests.m */ = {isa = PBXFileReference; lastKnownFileType = sourcecode.c.objc; path = SXRSDKDemoKKasongUITests.m; sourceTree = "<group>"; };
		B036BB0C1E66C915005FD330 /* Info.plist */ = {isa = PBXFileReference; lastKnownFileType = text.plist.xml; path = Info.plist; sourceTree = "<group>"; };
		B036BB181E66C934005FD330 /* SXRSDK.framework */ = {isa = PBXFileReference; lastKnownFileType = wrapper.framework; name = SXRSDK.framework; path = ../SXRSDK/Products/SXRSDK.framework; sourceTree = "<group>"; };
		B036BB1A1E66CA60005FD330 /* SXRService.h */ = {isa = PBXFileReference; fileEncoding = 4; lastKnownFileType = sourcecode.c.h; path = SXRService.h; sourceTree = "<group>"; };
		B036BB1B1E66CA60005FD330 /* SXRService.m */ = {isa = PBXFileReference; fileEncoding = 4; lastKnownFileType = sourcecode.c.objc; path = SXRService.m; sourceTree = "<group>"; };
		B036BB1D1E66CAB0005FD330 /* SXRSDKDemoKKasong.pch */ = {isa = PBXFileReference; lastKnownFileType = sourcecode.c.h; path = SXRSDKDemoKKasong.pch; sourceTree = "<group>"; };
		B036BB1E1E66CABC005FD330 /* CommonDefine.h */ = {isa = PBXFileReference; lastKnownFileType = sourcecode.c.h; path = CommonDefine.h; sourceTree = "<group>"; };
		B036BB1F1E66CAE2005FD330 /* MainTableViewController.h */ = {isa = PBXFileReference; fileEncoding = 4; lastKnownFileType = sourcecode.c.h; path = MainTableViewController.h; sourceTree = "<group>"; };
		B036BB201E66CAE2005FD330 /* MainTableViewController.m */ = {isa = PBXFileReference; fileEncoding = 4; lastKnownFileType = sourcecode.c.objc; path = MainTableViewController.m; sourceTree = "<group>"; };
		B036BB211E66CAE2005FD330 /* ScanDeviceViewController.h */ = {isa = PBXFileReference; fileEncoding = 4; lastKnownFileType = sourcecode.c.h; path = ScanDeviceViewController.h; sourceTree = "<group>"; };
		B036BB221E66CAE2005FD330 /* ScanDeviceViewController.m */ = {isa = PBXFileReference; fileEncoding = 4; lastKnownFileType = sourcecode.c.objc; path = ScanDeviceViewController.m; sourceTree = "<group>"; };
		B036BB231E66CAE2005FD330 /* GetHistoryDataViewController.h */ = {isa = PBXFileReference; fileEncoding = 4; lastKnownFileType = sourcecode.c.h; path = GetHistoryDataViewController.h; sourceTree = "<group>"; };
		B036BB241E66CAE2005FD330 /* GetHistoryDataViewController.m */ = {isa = PBXFileReference; fileEncoding = 4; lastKnownFileType = sourcecode.c.objc; path = GetHistoryDataViewController.m; sourceTree = "<group>"; };
		B036BB251E66CAE2005FD330 /* HeartRateViewController.h */ = {isa = PBXFileReference; fileEncoding = 4; lastKnownFileType = sourcecode.c.h; path = HeartRateViewController.h; sourceTree = "<group>"; };
		B036BB261E66CAE2005FD330 /* HeartRateViewController.m */ = {isa = PBXFileReference; fileEncoding = 4; lastKnownFileType = sourcecode.c.objc; path = HeartRateViewController.m; sourceTree = "<group>"; };
		B036BB271E66CAE2005FD330 /* CurrentDataViewController.h */ = {isa = PBXFileReference; fileEncoding = 4; lastKnownFileType = sourcecode.c.h; path = CurrentDataViewController.h; sourceTree = "<group>"; };
		B036BB281E66CAE2005FD330 /* CurrentDataViewController.m */ = {isa = PBXFileReference; fileEncoding = 4; lastKnownFileType = sourcecode.c.objc; path = CurrentDataViewController.m; sourceTree = "<group>"; };
		B036BB291E66CAE2005FD330 /* CurrentDeviceInfoViewController.h */ = {isa = PBXFileReference; fileEncoding = 4; lastKnownFileType = sourcecode.c.h; path = CurrentDeviceInfoViewController.h; sourceTree = "<group>"; };
		B036BB2A1E66CAE2005FD330 /* CurrentDeviceInfoViewController.m */ = {isa = PBXFileReference; fileEncoding = 4; lastKnownFileType = sourcecode.c.objc; path = CurrentDeviceInfoViewController.m; sourceTree = "<group>"; };
		B036BB2B1E66CAE2005FD330 /* SetDeviceParamViewController.h */ = {isa = PBXFileReference; fileEncoding = 4; lastKnownFileType = sourcecode.c.h; path = SetDeviceParamViewController.h; sourceTree = "<group>"; };
		B036BB2C1E66CAE2005FD330 /* SetDeviceParamViewController.m */ = {isa = PBXFileReference; fileEncoding = 4; lastKnownFileType = sourcecode.c.objc; path = SetDeviceParamViewController.m; sourceTree = "<group>"; };
		B036BB2D1E66CAE2005FD330 /* SetPersonInfoViewController.h */ = {isa = PBXFileReference; fileEncoding = 4; lastKnownFileType = sourcecode.c.h; path = SetPersonInfoViewController.h; sourceTree = "<group>"; };
		B036BB2E1E66CAE2005FD330 /* SetPersonInfoViewController.m */ = {isa = PBXFileReference; fileEncoding = 4; lastKnownFileType = sourcecode.c.objc; path = SetPersonInfoViewController.m; sourceTree = "<group>"; };
		B036BB371E671E26005FD330 /* SportDataViewController.h */ = {isa = PBXFileReference; fileEncoding = 4; lastKnownFileType = sourcecode.c.h; path = SportDataViewController.h; sourceTree = "<group>"; };
		B036BB381E671E26005FD330 /* SportDataViewController.m */ = {isa = PBXFileReference; fileEncoding = 4; lastKnownFileType = sourcecode.c.objc; path = SportDataViewController.m; sourceTree = "<group>"; };
/* End PBXFileReference section */

/* Begin PBXFrameworksBuildPhase section */
		B036BADF1E66C915005FD330 /* Frameworks */ = {
			isa = PBXFrameworksBuildPhase;
			buildActionMask = 2147483647;
			files = (
				B036BB191E66C934005FD330 /* SXRSDK.framework in Frameworks */,
			);
			runOnlyForDeploymentPostprocessing = 0;
		};
		B036BAF81E66C915005FD330 /* Frameworks */ = {
			isa = PBXFrameworksBuildPhase;
			buildActionMask = 2147483647;
			files = (
			);
			runOnlyForDeploymentPostprocessing = 0;
		};
		B036BB031E66C915005FD330 /* Frameworks */ = {
			isa = PBXFrameworksBuildPhase;
			buildActionMask = 2147483647;
			files = (
			);
			runOnlyForDeploymentPostprocessing = 0;
		};
/* End PBXFrameworksBuildPhase section */

/* Begin PBXGroup section */
		B036BAD91E66C915005FD330 = {
			isa = PBXGroup;
			children = (
				B036BB181E66C934005FD330 /* SXRSDK.framework */,
				B036BAE41E66C915005FD330 /* SXRSDKDemoKKasong */,
				B036BAFE1E66C915005FD330 /* SXRSDKDemoKKasongTests */,
				B036BB091E66C915005FD330 /* SXRSDKDemoKKasongUITests */,
				B036BAE31E66C915005FD330 /* Products */,
			);
			sourceTree = "<group>";
		};
		B036BAE31E66C915005FD330 /* Products */ = {
			isa = PBXGroup;
			children = (
				B036BAE21E66C915005FD330 /* SXRSDKDemoKKasong.app */,
				B036BAFB1E66C915005FD330 /* SXRSDKDemoKKasongTests.xctest */,
				B036BB061E66C915005FD330 /* SXRSDKDemoKKasongUITests.xctest */,
			);
			name = Products;
			sourceTree = "<group>";
		};
		B036BAE41E66C915005FD330 /* SXRSDKDemoKKasong */ = {
			isa = PBXGroup;
			children = (
				B036BB1E1E66CABC005FD330 /* CommonDefine.h */,
				B036BB1A1E66CA60005FD330 /* SXRService.h */,
				B036BB1B1E66CA60005FD330 /* SXRService.m */,
				B036BAE81E66C915005FD330 /* AppDelegate.h */,
				B036BAE91E66C915005FD330 /* AppDelegate.m */,
				B036BAEB1E66C915005FD330 /* ViewController.h */,
				B036BAEC1E66C915005FD330 /* ViewController.m */,
				B036BB1F1E66CAE2005FD330 /* MainTableViewController.h */,
				B036BB201E66CAE2005FD330 /* MainTableViewController.m */,
				B036BB211E66CAE2005FD330 /* ScanDeviceViewController.h */,
				B036BB221E66CAE2005FD330 /* ScanDeviceViewController.m */,
				B036BB231E66CAE2005FD330 /* GetHistoryDataViewController.h */,
				B036BB241E66CAE2005FD330 /* GetHistoryDataViewController.m */,
				B036BB251E66CAE2005FD330 /* HeartRateViewController.h */,
				B036BB261E66CAE2005FD330 /* HeartRateViewController.m */,
				B036BB271E66CAE2005FD330 /* CurrentDataViewController.h */,
				B036BB281E66CAE2005FD330 /* CurrentDataViewController.m */,
				B036BB291E66CAE2005FD330 /* CurrentDeviceInfoViewController.h */,
				B036BB2A1E66CAE2005FD330 /* CurrentDeviceInfoViewController.m */,
				B036BB2B1E66CAE2005FD330 /* SetDeviceParamViewController.h */,
				B036BB2C1E66CAE2005FD330 /* SetDeviceParamViewController.m */,
				B036BB2D1E66CAE2005FD330 /* SetPersonInfoViewController.h */,
				B036BB2E1E66CAE2005FD330 /* SetPersonInfoViewController.m */,
				B036BB371E671E26005FD330 /* SportDataViewController.h */,
				B036BB381E671E26005FD330 /* SportDataViewController.m */,
				B036BAEE1E66C915005FD330 /* Main.storyboard */,
				B036BAF11E66C915005FD330 /* Assets.xcassets */,
				B036BAF31E66C915005FD330 /* LaunchScreen.storyboard */,
				B036BAF61E66C915005FD330 /* Info.plist */,
				B036BAE51E66C915005FD330 /* Supporting Files */,
			);
			path = SXRSDKDemoKKasong;
			sourceTree = "<group>";
		};
		B036BAE51E66C915005FD330 /* Supporting Files */ = {
			isa = PBXGroup;
			children = (
				B036BAE61E66C915005FD330 /* main.m */,
				B036BB1D1E66CAB0005FD330 /* SXRSDKDemoKKasong.pch */,
			);
			name = "Supporting Files";
			sourceTree = "<group>";
		};
		B036BAFE1E66C915005FD330 /* SXRSDKDemoKKasongTests */ = {
			isa = PBXGroup;
			children = (
				B036BAFF1E66C915005FD330 /* SXRSDKDemoKKasongTests.m */,
				B036BB011E66C915005FD330 /* Info.plist */,
			);
			path = SXRSDKDemoKKasongTests;
			sourceTree = "<group>";
		};
		B036BB091E66C915005FD330 /* SXRSDKDemoKKasongUITests */ = {
			isa = PBXGroup;
			children = (
				B036BB0A1E66C915005FD330 /* SXRSDKDemoKKasongUITests.m */,
				B036BB0C1E66C915005FD330 /* Info.plist */,
			);
			path = SXRSDKDemoKKasongUITests;
			sourceTree = "<group>";
		};
/* End PBXGroup section */

/* Begin PBXNativeTarget section */
		B036BAE11E66C915005FD330 /* SXRSDKDemoKKasong */ = {
			isa = PBXNativeTarget;
			buildConfigurationList = B036BB0F1E66C915005FD330 /* Build configuration list for PBXNativeTarget "SXRSDKDemoKKasong" */;
			buildPhases = (
				B036BADE1E66C915005FD330 /* Sources */,
				B036BADF1E66C915005FD330 /* Frameworks */,
				B036BAE01E66C915005FD330 /* Resources */,
			);
			buildRules = (
			);
			dependencies = (
			);
			name = SXRSDKDemoKKasong;
			productName = SXRSDKDemoKKasong;
			productReference = B036BAE21E66C915005FD330 /* SXRSDKDemoKKasong.app */;
			productType = "com.apple.product-type.application";
		};
		B036BAFA1E66C915005FD330 /* SXRSDKDemoKKasongTests */ = {
			isa = PBXNativeTarget;
			buildConfigurationList = B036BB121E66C915005FD330 /* Build configuration list for PBXNativeTarget "SXRSDKDemoKKasongTests" */;
			buildPhases = (
				B036BAF71E66C915005FD330 /* Sources */,
				B036BAF81E66C915005FD330 /* Frameworks */,
				B036BAF91E66C915005FD330 /* Resources */,
			);
			buildRules = (
			);
			dependencies = (
				B036BAFD1E66C915005FD330 /* PBXTargetDependency */,
			);
			name = SXRSDKDemoKKasongTests;
			productName = SXRSDKDemoKKasongTests;
			productReference = B036BAFB1E66C915005FD330 /* SXRSDKDemoKKasongTests.xctest */;
			productType = "com.apple.product-type.bundle.unit-test";
		};
		B036BB051E66C915005FD330 /* SXRSDKDemoKKasongUITests */ = {
			isa = PBXNativeTarget;
			buildConfigurationList = B036BB151E66C915005FD330 /* Build configuration list for PBXNativeTarget "SXRSDKDemoKKasongUITests" */;
			buildPhases = (
				B036BB021E66C915005FD330 /* Sources */,
				B036BB031E66C915005FD330 /* Frameworks */,
				B036BB041E66C915005FD330 /* Resources */,
			);
			buildRules = (
			);
			dependencies = (
				B036BB081E66C915005FD330 /* PBXTargetDependency */,
			);
			name = SXRSDKDemoKKasongUITests;
			productName = SXRSDKDemoKKasongUITests;
			productReference = B036BB061E66C915005FD330 /* SXRSDKDemoKKasongUITests.xctest */;
			productType = "com.apple.product-type.bundle.ui-testing";
		};
/* End PBXNativeTarget section */

/* Begin PBXProject section */
		B036BADA1E66C915005FD330 /* Project object */ = {
			isa = PBXProject;
			attributes = {
				LastUpgradeCheck = 0820;
				ORGANIZATIONNAME = qf;
				TargetAttributes = {
					B036BAE11E66C915005FD330 = {
						CreatedOnToolsVersion = 8.2.1;
						DevelopmentTeam = W2694KNKE8;
						ProvisioningStyle = Automatic;
					};
					B036BAFA1E66C915005FD330 = {
						CreatedOnToolsVersion = 8.2.1;
						DevelopmentTeam = W2694KNKE8;
						ProvisioningStyle = Automatic;
						TestTargetID = B036BAE11E66C915005FD330;
					};
					B036BB051E66C915005FD330 = {
						CreatedOnToolsVersion = 8.2.1;
						DevelopmentTeam = W2694KNKE8;
						ProvisioningStyle = Automatic;
						TestTargetID = B036BAE11E66C915005FD330;
					};
				};
			};
			buildConfigurationList = B036BADD1E66C915005FD330 /* Build configuration list for PBXProject "SXRSDKDemoKKasong" */;
			compatibilityVersion = "Xcode 3.2";
			developmentRegion = English;
			hasScannedForEncodings = 0;
			knownRegions = (
				en,
				Base,
			);
			mainGroup = B036BAD91E66C915005FD330;
			productRefGroup = B036BAE31E66C915005FD330 /* Products */;
			projectDirPath = "";
			projectRoot = "";
			targets = (
				B036BAE11E66C915005FD330 /* SXRSDKDemoKKasong */,
				B036BAFA1E66C915005FD330 /* SXRSDKDemoKKasongTests */,
				B036BB051E66C915005FD330 /* SXRSDKDemoKKasongUITests */,
			);
		};
/* End PBXProject section */

/* Begin PBXResourcesBuildPhase section */
		B036BAE01E66C915005FD330 /* Resources */ = {
			isa = PBXResourcesBuildPhase;
			buildActionMask = 2147483647;
			files = (
				B036BAF51E66C915005FD330 /* LaunchScreen.storyboard in Resources */,
				B036BAF21E66C915005FD330 /* Assets.xcassets in Resources */,
				B036BAF01E66C915005FD330 /* Main.storyboard in Resources */,
			);
			runOnlyForDeploymentPostprocessing = 0;
		};
		B036BAF91E66C915005FD330 /* Resources */ = {
			isa = PBXResourcesBuildPhase;
			buildActionMask = 2147483647;
			files = (
			);
			runOnlyForDeploymentPostprocessing = 0;
		};
		B036BB041E66C915005FD330 /* Resources */ = {
			isa = PBXResourcesBuildPhase;
			buildActionMask = 2147483647;
			files = (
			);
			runOnlyForDeploymentPostprocessing = 0;
		};
/* End PBXResourcesBuildPhase section */

/* Begin PBXSourcesBuildPhase section */
		B036BADE1E66C915005FD330 /* Sources */ = {
			isa = PBXSourcesBuildPhase;
			buildActionMask = 2147483647;
			files = (
				B036BAED1E66C915005FD330 /* ViewController.m in Sources */,
				B036BB351E66CAE2005FD330 /* SetDeviceParamViewController.m in Sources */,
				B036BB301E66CAE2005FD330 /* ScanDeviceViewController.m in Sources */,
				B036BB391E671E26005FD330 /* SportDataViewController.m in Sources */,
				B036BB1C1E66CA60005FD330 /* SXRService.m in Sources */,
				B036BB321E66CAE2005FD330 /* HeartRateViewController.m in Sources */,
				B036BB311E66CAE2005FD330 /* GetHistoryDataViewController.m in Sources */,
				B036BAEA1E66C915005FD330 /* AppDelegate.m in Sources */,
				B036BB2F1E66CAE2005FD330 /* MainTableViewController.m in Sources */,
				B036BAE71E66C915005FD330 /* main.m in Sources */,
				B036BB341E66CAE2005FD330 /* CurrentDeviceInfoViewController.m in Sources */,
				B036BB361E66CAE2005FD330 /* SetPersonInfoViewController.m in Sources */,
				B036BB331E66CAE2005FD330 /* CurrentDataViewController.m in Sources */,
			);
			runOnlyForDeploymentPostprocessing = 0;
		};
		B036BAF71E66C915005FD330 /* Sources */ = {
			isa = PBXSourcesBuildPhase;
			buildActionMask = 2147483647;
			files = (
				B036BB001E66C915005FD330 /* SXRSDKDemoKKasongTests.m in Sources */,
			);
			runOnlyForDeploymentPostprocessing = 0;
		};
		B036BB021E66C915005FD330 /* Sources */ = {
			isa = PBXSourcesBuildPhase;
			buildActionMask = 2147483647;
			files = (
				B036BB0B1E66C915005FD330 /* SXRSDKDemoKKasongUITests.m in Sources */,
			);
			runOnlyForDeploymentPostprocessing = 0;
		};
/* End PBXSourcesBuildPhase section */

/* Begin PBXTargetDependency section */
		B036BAFD1E66C915005FD330 /* PBXTargetDependency */ = {
			isa = PBXTargetDependency;
			target = B036BAE11E66C915005FD330 /* SXRSDKDemoKKasong */;
			targetProxy = B036BAFC1E66C915005FD330 /* PBXContainerItemProxy */;
		};
		B036BB081E66C915005FD330 /* PBXTargetDependency */ = {
			isa = PBXTargetDependency;
			target = B036BAE11E66C915005FD330 /* SXRSDKDemoKKasong */;
			targetProxy = B036BB071E66C915005FD330 /* PBXContainerItemProxy */;
		};
/* End PBXTargetDependency section */

/* Begin PBXVariantGroup section */
		B036BAEE1E66C915005FD330 /* Main.storyboard */ = {
			isa = PBXVariantGroup;
			children = (
				B036BAEF1E66C915005FD330 /* Base */,
			);
			name = Main.storyboard;
			sourceTree = "<group>";
		};
		B036BAF31E66C915005FD330 /* LaunchScreen.storyboard */ = {
			isa = PBXVariantGroup;
			children = (
				B036BAF41E66C915005FD330 /* Base */,
			);
			name = LaunchScreen.storyboard;
			sourceTree = "<group>";
		};
/* End PBXVariantGroup section */

/* Begin XCBuildConfiguration section */
		B036BB0D1E66C915005FD330 /* Debug */ = {
			isa = XCBuildConfiguration;
			buildSettings = {
				ALWAYS_SEARCH_USER_PATHS = NO;
				CLANG_ANALYZER_NONNULL = YES;
				CLANG_CXX_LANGUAGE_STANDARD = "gnu++0x";
				CLANG_CXX_LIBRARY = "libc++";
				CLANG_ENABLE_MODULES = YES;
				CLANG_ENABLE_OBJC_ARC = YES;
				CLANG_WARN_BOOL_CONVERSION = YES;
				CLANG_WARN_CONSTANT_CONVERSION = YES;
				CLANG_WARN_DIRECT_OBJC_ISA_USAGE = YES_ERROR;
				CLANG_WARN_DOCUMENTATION_COMMENTS = YES;
				CLANG_WARN_EMPTY_BODY = YES;
				CLANG_WARN_ENUM_CONVERSION = YES;
				CLANG_WARN_INFINITE_RECURSION = YES;
				CLANG_WARN_INT_CONVERSION = YES;
				CLANG_WARN_OBJC_ROOT_CLASS = YES_ERROR;
				CLANG_WARN_SUSPICIOUS_MOVE = YES;
				CLANG_WARN_UNREACHABLE_CODE = YES;
				CLANG_WARN__DUPLICATE_METHOD_MATCH = YES;
				"CODE_SIGN_IDENTITY[sdk=iphoneos*]" = "iPhone Developer";
				COPY_PHASE_STRIP = NO;
				DEBUG_INFORMATION_FORMAT = dwarf;
				ENABLE_STRICT_OBJC_MSGSEND = YES;
				ENABLE_TESTABILITY = YES;
				GCC_C_LANGUAGE_STANDARD = gnu99;
				GCC_DYNAMIC_NO_PIC = NO;
				GCC_NO_COMMON_BLOCKS = YES;
				GCC_OPTIMIZATION_LEVEL = 0;
				GCC_PREPROCESSOR_DEFINITIONS = (
					"DEBUG=1",
					"$(inherited)",
				);
				GCC_WARN_64_TO_32_BIT_CONVERSION = YES;
				GCC_WARN_ABOUT_RETURN_TYPE = YES_ERROR;
				GCC_WARN_UNDECLARED_SELECTOR = YES;
				GCC_WARN_UNINITIALIZED_AUTOS = YES_AGGRESSIVE;
				GCC_WARN_UNUSED_FUNCTION = YES;
				GCC_WARN_UNUSED_VARIABLE = YES;
				IPHONEOS_DEPLOYMENT_TARGET = 10.2;
				MTL_ENABLE_DEBUG_INFO = YES;
				ONLY_ACTIVE_ARCH = YES;
				SDKROOT = iphoneos;
				TARGETED_DEVICE_FAMILY = "1,2";
			};
			name = Debug;
		};
		B036BB0E1E66C915005FD330 /* Release */ = {
			isa = XCBuildConfiguration;
			buildSettings = {
				ALWAYS_SEARCH_USER_PATHS = NO;
				CLANG_ANALYZER_NONNULL = YES;
				CLANG_CXX_LANGUAGE_STANDARD = "gnu++0x";
				CLANG_CXX_LIBRARY = "libc++";
				CLANG_ENABLE_MODULES = YES;
				CLANG_ENABLE_OBJC_ARC = YES;
				CLANG_WARN_BOOL_CONVERSION = YES;
				CLANG_WARN_CONSTANT_CONVERSION = YES;
				CLANG_WARN_DIRECT_OBJC_ISA_USAGE = YES_ERROR;
				CLANG_WARN_DOCUMENTATION_COMMENTS = YES;
				CLANG_WARN_EMPTY_BODY = YES;
				CLANG_WARN_ENUM_CONVERSION = YES;
				CLANG_WARN_INFINITE_RECURSION = YES;
				CLANG_WARN_INT_CONVERSION = YES;
				CLANG_WARN_OBJC_ROOT_CLASS = YES_ERROR;
				CLANG_WARN_SUSPICIOUS_MOVE = YES;
				CLANG_WARN_UNREACHABLE_CODE = YES;
				CLANG_WARN__DUPLICATE_METHOD_MATCH = YES;
				"CODE_SIGN_IDENTITY[sdk=iphoneos*]" = "iPhone Developer";
				COPY_PHASE_STRIP = NO;
				DEBUG_INFORMATION_FORMAT = "dwarf-with-dsym";
				ENABLE_NS_ASSERTIONS = NO;
				ENABLE_STRICT_OBJC_MSGSEND = YES;
				GCC_C_LANGUAGE_STANDARD = gnu99;
				GCC_NO_COMMON_BLOCKS = YES;
				GCC_WARN_64_TO_32_BIT_CONVERSION = YES;
				GCC_WARN_ABOUT_RETURN_TYPE = YES_ERROR;
				GCC_WARN_UNDECLARED_SELECTOR = YES;
				GCC_WARN_UNINITIALIZED_AUTOS = YES_AGGRESSIVE;
				GCC_WARN_UNUSED_FUNCTION = YES;
				GCC_WARN_UNUSED_VARIABLE = YES;
				IPHONEOS_DEPLOYMENT_TARGET = 10.2;
				MTL_ENABLE_DEBUG_INFO = NO;
				SDKROOT = iphoneos;
				TARGETED_DEVICE_FAMILY = "1,2";
				VALIDATE_PRODUCT = YES;
			};
			name = Release;
		};
		B036BB101E66C915005FD330 /* Debug */ = {
			isa = XCBuildConfiguration;
			buildSettings = {
				ASSETCATALOG_COMPILER_APPICON_NAME = AppIcon;
				DEVELOPMENT_TEAM = W2694KNKE8;
				FRAMEWORK_SEARCH_PATHS = /Users/qf/Desktop/project/ios/SXRSDK/Products;
				GCC_PREFIX_HEADER = SXRSDKDemoKKasong/SXRSDKDemoKKasong.pch;
				INFOPLIST_FILE = SXRSDKDemoKKasong/Info.plist;
				IPHONEOS_DEPLOYMENT_TARGET = 8.1;
				LD_RUNPATH_SEARCH_PATHS = "$(inherited) @executable_path/Frameworks";
				PRODUCT_BUNDLE_IDENTIFIER = com.general2k.SXRSDKDemoKKasong;
				PRODUCT_NAME = "$(TARGET_NAME)";
			};
			name = Debug;
		};
		B036BB111E66C915005FD330 /* Release */ = {
			isa = XCBuildConfiguration;
			buildSettings = {
				ASSETCATALOG_COMPILER_APPICON_NAME = AppIcon;
				DEVELOPMENT_TEAM = W2694KNKE8;
				FRAMEWORK_SEARCH_PATHS = /Users/qf/Desktop/project/ios/SXRSDK/Products;
				GCC_PREFIX_HEADER = SXRSDKDemoKKasong/SXRSDKDemoKKasong.pch;
				INFOPLIST_FILE = SXRSDKDemoKKasong/Info.plist;
				IPHONEOS_DEPLOYMENT_TARGET = 8.1;
				LD_RUNPATH_SEARCH_PATHS = "$(inherited) @executable_path/Frameworks";
				PRODUCT_BUNDLE_IDENTIFIER = com.general2k.SXRSDKDemoKKasong;
				PRODUCT_NAME = "$(TARGET_NAME)";
			};
			name = Release;
		};
		B036BB131E66C915005FD330 /* Debug */ = {
			isa = XCBuildConfiguration;
			buildSettings = {
				BUNDLE_LOADER = "$(TEST_HOST)";
				DEVELOPMENT_TEAM = W2694KNKE8;
				INFOPLIST_FILE = SXRSDKDemoKKasongTests/Info.plist;
				LD_RUNPATH_SEARCH_PATHS = "$(inherited) @executable_path/Frameworks @loader_path/Frameworks";
				PRODUCT_BUNDLE_IDENTIFIER = com.general2k.SXRSDKDemoKKasongTests;
				PRODUCT_NAME = "$(TARGET_NAME)";
				TEST_HOST = "$(BUILT_PRODUCTS_DIR)/SXRSDKDemoKKasong.app/SXRSDKDemoKKasong";
			};
			name = Debug;
		};
		B036BB141E66C915005FD330 /* Release */ = {
			isa = XCBuildConfiguration;
			buildSettings = {
				BUNDLE_LOADER = "$(TEST_HOST)";
				DEVELOPMENT_TEAM = W2694KNKE8;
				INFOPLIST_FILE = SXRSDKDemoKKasongTests/Info.plist;
				LD_RUNPATH_SEARCH_PATHS = "$(inherited) @executable_path/Frameworks @loader_path/Frameworks";
				PRODUCT_BUNDLE_IDENTIFIER = com.general2k.SXRSDKDemoKKasongTests;
				PRODUCT_NAME = "$(TARGET_NAME)";
				TEST_HOST = "$(BUILT_PRODUCTS_DIR)/SXRSDKDemoKKasong.app/SXRSDKDemoKKasong";
			};
			name = Release;
		};
		B036BB161E66C915005FD330 /* Debug */ = {
			isa = XCBuildConfiguration;
			buildSettings = {
				DEVELOPMENT_TEAM = W2694KNKE8;
				INFOPLIST_FILE = SXRSDKDemoKKasongUITests/Info.plist;
				LD_RUNPATH_SEARCH_PATHS = "$(inherited) @executable_path/Frameworks @loader_path/Frameworks";
				PRODUCT_BUNDLE_IDENTIFIER = com.general2k.SXRSDKDemoKKasongUITests;
				PRODUCT_NAME = "$(TARGET_NAME)";
				TEST_TARGET_NAME = SXRSDKDemoKKasong;
			};
			name = Debug;
		};
		B036BB171E66C915005FD330 /* Release */ = {
			isa = XCBuildConfiguration;
			buildSettings = {
				DEVELOPMENT_TEAM = W2694KNKE8;
				INFOPLIST_FILE = SXRSDKDemoKKasongUITests/Info.plist;
				LD_RUNPATH_SEARCH_PATHS = "$(inherited) @executable_path/Frameworks @loader_path/Frameworks";
				PRODUCT_BUNDLE_IDENTIFIER = com.general2k.SXRSDKDemoKKasongUITests;
				PRODUCT_NAME = "$(TARGET_NAME)";
				TEST_TARGET_NAME = SXRSDKDemoKKasong;
			};
			name = Release;
		};
/* End XCBuildConfiguration section */

/* Begin XCConfigurationList section */
		B036BADD1E66C915005FD330 /* Build configuration list for PBXProject "SXRSDKDemoKKasong" */ = {
			isa = XCConfigurationList;
			buildConfigurations = (
				B036BB0D1E66C915005FD330 /* Debug */,
				B036BB0E1E66C915005FD330 /* Release */,
			);
			defaultConfigurationIsVisible = 0;
			defaultConfigurationName = Release;
		};
		B036BB0F1E66C915005FD330 /* Build configuration list for PBXNativeTarget "SXRSDKDemoKKasong" */ = {
			isa = XCConfigurationList;
			buildConfigurations = (
				B036BB101E66C915005FD330 /* Debug */,
				B036BB111E66C915005FD330 /* Release */,
			);
			defaultConfigurationIsVisible = 0;
		};
		B036BB121E66C915005FD330 /* Build configuration list for PBXNativeTarget "SXRSDKDemoKKasongTests" */ = {
			isa = XCConfigurationList;
			buildConfigurations = (
				B036BB131E66C915005FD330 /* Debug */,
				B036BB141E66C915005FD330 /* Release */,
			);
			defaultConfigurationIsVisible = 0;
		};
		B036BB151E66C915005FD330 /* Build configuration list for PBXNativeTarget "SXRSDKDemoKKasongUITests" */ = {
			isa = XCConfigurationList;
			buildConfigurations = (
				B036BB161E66C915005FD330 /* Debug */,
				B036BB171E66C915005FD330 /* Release */,
			);
			defaultConfigurationIsVisible = 0;
		};
/* End XCConfigurationList section */
	};
	rootObject = B036BADA1E66C915005FD330 /* Project object */;
}
